
Microsoft Visual Studio Solution File, Format Version 12.00
# Visual Studio Version 17
VisualStudioVersion = 17.10.35027.167
MinimumVisualStudioVersion = 10.0.40219.1
Project("{9A19103F-16F7-4668-BE54-9A1E7A4F7556}") = "FontBMSharp", "FontBMSharp\FontBMSharp.csproj", "{DD632C94-CD85-443F-B635-28BE17E88F6B}"
	ProjectSection(ProjectDependencies) = postProject
		{C5915F0A-4D35-417D-B659-D3FB9C84BBA9} = {C5915F0A-4D35-417D-B659-D3FB9C84BBA9}
	EndProjectSection
EndProject
Project("{9A19103F-16F7-4668-BE54-9A1E7A4F7556}") = "Baker76.Imaging", "Baker76.Core\src\Baker76.Imaging\Baker76.Imaging.csproj", "{C5915F0A-4D35-417D-B659-D3FB9C84BBA9}"
EndProject
Project("{9A19103F-16F7-4668-BE54-9A1E7A4F7556}") = "Hjg.Pngcs", "Baker76.Core\src\Hjg.Pngcs\Hjg.Pngcs.csproj", "{CE0459DB-49F4-431E-941C-F20470AA86FC}"
EndProject
Global
	GlobalSection(SolutionConfigurationPlatforms) = preSolution
		Debug|Any CPU = Debug|Any CPU
		Release|Any CPU = Release|Any CPU
	EndGlobalSection
	GlobalSection(ProjectConfigurationPlatforms) = postSolution
		{DD632C94-CD85-443F-B635-28BE17E88F6B}.Debug|Any CPU.ActiveCfg = Debug|Any CPU
		{DD632C94-CD85-443F-B635-28BE17E88F6B}.Debug|Any CPU.Build.0 = Debug|Any CPU
		{DD632C94-CD85-443F-B635-28BE17E88F6B}.Release|Any CPU.ActiveCfg = Release|Any CPU
		{DD632C94-CD85-443F-B635-28BE17E88F6B}.Release|Any CPU.Build.0 = Release|Any CPU
		{C5915F0A-4D35-417D-B659-D3FB9C84BBA9}.Debug|Any CPU.ActiveCfg = Debug|Any CPU
		{C5915F0A-4D35-417D-B659-D3FB9C84BBA9}.Debug|Any CPU.Build.0 = Debug|Any CPU
		{C5915F0A-4D35-417D-B659-D3FB9C84BBA9}.Release|Any CPU.ActiveCfg = Release|Any CPU
		{C5915F0A-4D35-417D-B659-D3FB9C84BBA9}.Release|Any CPU.Build.0 = Release|Any CPU
		{CE0459DB-49F4-431E-941C-F20470AA86FC}.Debug|Any CPU.ActiveCfg = Debug|Any CPU
		{CE0459DB-49F4-431E-941C-F20470AA86FC}.Debug|Any CPU.Build.0 = Debug|Any CPU
		{CE0459DB-49F4-431E-941C-F20470AA86FC}.Release|Any CPU.ActiveCfg = Release|Any CPU
		{CE0459DB-49F4-431E-941C-F20470AA86FC}.Release|Any CPU.Build.0 = Release|Any CPU
	EndGlobalSection
	GlobalSection(SolutionProperties) = preSolution
		HideSolutionNode = FALSE
	EndGlobalSection
	GlobalSection(ExtensibilityGlobals) = postSolution
		SolutionGuid = {32109ED5-72C5-4C68-A7ED-74B4C2C0D658}
	EndGlobalSection
EndGlobal
